
Microsoft Visual Studio Solution File, Format Version 12.00
# Visual Studio Version 16
VisualStudioVersion = 16.0.30804.86
MinimumVisualStudioVersion = 10.0.40219.1
Project("{FAE04EC0-301F-11D3-BF4B-00C04F79EFBC}") = "EnumThingy", "EnumThingy\EnumThingy.csproj", "{0D23EC58-147F-4142-B604-C1D313C97AA1}"
EndProject
Project("{FAE04EC0-301F-11D3-BF4B-00C04F79EFBC}") = "ExternalDllWithEnums", "ExternalDllWithEnums\ExternalDllWithEnums.csproj", "{284BF170-982E-4B49-9C0F-D467D0D66759}"
EndProject
Project("{FAE04EC0-301F-11D3-BF4B-00C04F79EFBC}") = "EnumThingy.Tests", "..\EnumThingy.Tests\EnumThingy.Tests.csproj", "{2081FB49-3D66-483B-A510-A8117A65EB1B}"
EndProject
Global
	GlobalSection(SolutionConfigurationPlatforms) = preSolution
		Debug|Any CPU = Debug|Any CPU
		Release|Any CPU = Release|Any CPU
	EndGlobalSection
	GlobalSection(ProjectConfigurationPlatforms) = postSolution
		{0D23EC58-147F-4142-B604-C1D313C97AA1}.Debug|Any CPU.ActiveCfg = Debug|Any CPU
		{0D23EC58-147F-4142-B604-C1D313C97AA1}.Debug|Any CPU.Build.0 = Debug|Any CPU
		{0D23EC58-147F-4142-B604-C1D313C97AA1}.Release|Any CPU.ActiveCfg = Release|Any CPU
		{0D23EC58-147F-4142-B604-C1D313C97AA1}.Release|Any CPU.Build.0 = Release|Any CPU
		{284BF170-982E-4B49-9C0F-D467D0D66759}.Debug|Any CPU.ActiveCfg = Debug|Any CPU
		{284BF170-982E-4B49-9C0F-D467D0D66759}.Debug|Any CPU.Build.0 = Debug|Any CPU
		{284BF170-982E-4B49-9C0F-D467D0D66759}.Release|Any CPU.ActiveCfg = Release|Any CPU
		{284BF170-982E-4B49-9C0F-D467D0D66759}.Release|Any CPU.Build.0 = Release|Any CPU
		{2081FB49-3D66-483B-A510-A8117A65EB1B}.Debug|Any CPU.ActiveCfg = Debug|Any CPU
		{2081FB49-3D66-483B-A510-A8117A65EB1B}.Debug|Any CPU.Build.0 = Debug|Any CPU
		{2081FB49-3D66-483B-A510-A8117A65EB1B}.Release|Any CPU.ActiveCfg = Release|Any CPU
		{2081FB49-3D66-483B-A510-A8117A65EB1B}.Release|Any CPU.Build.0 = Release|Any CPU
	EndGlobalSection
	GlobalSection(SolutionProperties) = preSolution
		HideSolutionNode = FALSE
	EndGlobalSection
	GlobalSection(ExtensibilityGlobals) = postSolution
		SolutionGuid = {7102FB17-D661-467F-B1C1-A76EFCEFF37F}
	EndGlobalSection
EndGlobal
